
Microsoft Visual Studio Solution File, Format Version 12.00
# Visual Studio Version 17
VisualStudioVersion = 17.10.35013.160
MinimumVisualStudioVersion = 10.0.40219.1
Project("{FAE04EC0-301F-11D3-BF4B-00C04F79EFBC}") = "AspNetCoreIdentityDemo", "AspNetCoreIdentityDemo.csproj", "{ACE5FDA1-22A8-46AD-A503-1B26594FECFB}"
EndProject
Global
	GlobalSection(SolutionConfigurationPlatforms) = preSolution
		Debug|Any CPU = Debug|Any CPU
		Release|Any CPU = Release|Any CPU
	EndGlobalSection
	GlobalSection(ProjectConfigurationPlatforms) = postSolution
		{ACE5FDA1-22A8-46AD-A503-1B26594FECFB}.Debug|Any CPU.ActiveCfg = Debug|Any CPU
		{ACE5FDA1-22A8-46AD-A503-1B26594FECFB}.Debug|Any CPU.Build.0 = Debug|Any CPU
		{ACE5FDA1-22A8-46AD-A503-1B26594FECFB}.Release|Any CPU.ActiveCfg = Release|Any CPU
		{ACE5FDA1-22A8-46AD-A503-1B26594FECFB}.Release|Any CPU.Build.0 = Release|Any CPU
	EndGlobalSection
	GlobalSection(SolutionProperties) = preSolution
		HideSolutionNode = FALSE
	EndGlobalSection
	GlobalSection(ExtensibilityGlobals) = postSolution
		SolutionGuid = {27276E51-B77F-4FC0-9F2D-8FAB0C025C57}
	EndGlobalSection
EndGlobal
